
Microsoft Visual Studio Solution File, Format Version 12.00
# Blend for Visual Studio 15
VisualStudioVersion = 15.0.34031.82
MinimumVisualStudioVersion = 10.0.40219.1
Project("{FAE04EC0-301F-11D3-BF4B-00C04F79EFBC}") = "Gauge", "Gauge\Gauge.csproj", "{27D032D2-D22A-413A-9097-C367C718C8B9}"
EndProject
Global
	GlobalSection(SolutionConfigurationPlatforms) = preSolution
		Debug|Any CPU = Debug|Any CPU
		Release|Any CPU = Release|Any CPU
	EndGlobalSection
	GlobalSection(ProjectConfigurationPlatforms) = postSolution
		{27D032D2-D22A-413A-9097-C367C718C8B9}.Debug|Any CPU.ActiveCfg = Debug|Any CPU
		{27D032D2-D22A-413A-9097-C367C718C8B9}.Debug|Any CPU.Build.0 = Debug|Any CPU
		{27D032D2-D22A-413A-9097-C367C718C8B9}.Release|Any CPU.ActiveCfg = Release|Any CPU
		{27D032D2-D22A-413A-9097-C367C718C8B9}.Release|Any CPU.Build.0 = Release|Any CPU
	EndGlobalSection
	GlobalSection(SolutionProperties) = preSolution
		HideSolutionNode = FALSE
	EndGlobalSection
	GlobalSection(ExtensibilityGlobals) = postSolution
		SolutionGuid = {A85627FC-46B2-4615-8B22-F973D708C075}
	EndGlobalSection
EndGlobal
